
Microsoft Visual Studio Solution File, Format Version 12.00
# Visual Studio Version 17
VisualStudioVersion = 17.0.31903.59
MinimumVisualStudioVersion = 10.0.40219.1
Project("{9A19103F-16F7-4668-BE54-9A1E7A4F7556}") = "Catalog.API", "Services\Catalog\Catalog.API\Catalog.API.csproj", "{90764690-19E4-4197-8FC7-EF7CF0E4735E}"
EndProject
Project("{9A19103F-16F7-4668-BE54-9A1E7A4F7556}") = "Basket.API", "Services\Basket\Basket.API\Basket.API.csproj", "{4140B0CD-EBA4-4428-8B14-6E9239E1AE5E}"
EndProject
Project("{9A19103F-16F7-4668-BE54-9A1E7A4F7556}") = "Discount.API", "Services\Discount\Discount.API\Discount.API.csproj", "{1A081810-1795-4CB8-90CA-427CBDE2FBA4}"
EndProject
Project("{9A19103F-16F7-4668-BE54-9A1E7A4F7556}") = "Discount.Grpc", "Services\Discount\Discount.Grpc\Discount.Grpc.csproj", "{15D4ED0D-37A9-4338-A3A5-73204493FBDE}"
EndProject
Project("{9A19103F-16F7-4668-BE54-9A1E7A4F7556}") = "Ordering.API", "Services\Ordering\Ordering.API\Ordering.API.csproj", "{4CEDE705-B60C-4F0C-958A-BAEB64DC0F33}"
EndProject
Project("{9A19103F-16F7-4668-BE54-9A1E7A4F7556}") = "Ordering.Application", "Services\Ordering\Ordering.Application\Ordering.Application.csproj", "{06E83EC1-9811-468C-ADB7-8B8914764F18}"
EndProject
Project("{9A19103F-16F7-4668-BE54-9A1E7A4F7556}") = "Ordering.Domain", "Services\Ordering\Ordering.Domain\Ordering.Domain.csproj", "{DA67F557-47A6-44CF-9A01-7045A42999F1}"
EndProject
Project("{9A19103F-16F7-4668-BE54-9A1E7A4F7556}") = "Ordering.Infrastructure", "Services\Ordering\Ordering.Infrastructure\Ordering.Infrastructure.csproj", "{C716478F-3E0C-49D1-B34F-659297C36498}"
EndProject
Project("{9A19103F-16F7-4668-BE54-9A1E7A4F7556}") = "EventBus.Messages", "BuildingBlocks\EventBus.Messages\EventBus.Messages.csproj", "{DD887B16-4410-41F6-913C-DD9B3F66170E}"
EndProject
Project("{2150E333-8FDC-42A3-9474-1A3956D46DE8}") = "ApiGateways", "ApiGateways", "{0C77A4CA-FDC5-4B31-99F2-265B528D2AB3}"
EndProject
Project("{2150E333-8FDC-42A3-9474-1A3956D46DE8}") = "BuildingBlocks", "BuildingBlocks", "{B7E671F2-5189-4FB0-9722-580A1FB6AFBE}"
EndProject
Project("{2150E333-8FDC-42A3-9474-1A3956D46DE8}") = "Services", "Services", "{004F69FD-423B-4824-9AC6-4E48DB84B73D}"
EndProject
Project("{9A19103F-16F7-4668-BE54-9A1E7A4F7556}") = "OcelotAPIGW", "APIGateways\OcelotAPIGW\OcelotAPIGW.csproj", "{F5A2CFCF-8A72-4EA7-AF31-1DD2ED7D4599}"
EndProject
Project("{9A19103F-16F7-4668-BE54-9A1E7A4F7556}") = "Shopping.Aggregator", "APIGateways\Shopping.Aggregator\Shopping.Aggregator.csproj", "{66E248C0-1867-4709-AB67-7E19E343DCFB}"
EndProject
Global
	GlobalSection(SolutionConfigurationPlatforms) = preSolution
		Debug|Any CPU = Debug|Any CPU
		Release|Any CPU = Release|Any CPU
	EndGlobalSection
	GlobalSection(ProjectConfigurationPlatforms) = postSolution
		{90764690-19E4-4197-8FC7-EF7CF0E4735E}.Debug|Any CPU.ActiveCfg = Debug|Any CPU
		{90764690-19E4-4197-8FC7-EF7CF0E4735E}.Debug|Any CPU.Build.0 = Debug|Any CPU
		{90764690-19E4-4197-8FC7-EF7CF0E4735E}.Release|Any CPU.ActiveCfg = Release|Any CPU
		{90764690-19E4-4197-8FC7-EF7CF0E4735E}.Release|Any CPU.Build.0 = Release|Any CPU
		{4140B0CD-EBA4-4428-8B14-6E9239E1AE5E}.Debug|Any CPU.ActiveCfg = Debug|Any CPU
		{4140B0CD-EBA4-4428-8B14-6E9239E1AE5E}.Debug|Any CPU.Build.0 = Debug|Any CPU
		{4140B0CD-EBA4-4428-8B14-6E9239E1AE5E}.Release|Any CPU.ActiveCfg = Release|Any CPU
		{4140B0CD-EBA4-4428-8B14-6E9239E1AE5E}.Release|Any CPU.Build.0 = Release|Any CPU
		{1A081810-1795-4CB8-90CA-427CBDE2FBA4}.Debug|Any CPU.ActiveCfg = Debug|Any CPU
		{1A081810-1795-4CB8-90CA-427CBDE2FBA4}.Debug|Any CPU.Build.0 = Debug|Any CPU
		{1A081810-1795-4CB8-90CA-427CBDE2FBA4}.Release|Any CPU.ActiveCfg = Release|Any CPU
		{1A081810-1795-4CB8-90CA-427CBDE2FBA4}.Release|Any CPU.Build.0 = Release|Any CPU
		{15D4ED0D-37A9-4338-A3A5-73204493FBDE}.Debug|Any CPU.ActiveCfg = Debug|Any CPU
		{15D4ED0D-37A9-4338-A3A5-73204493FBDE}.Debug|Any CPU.Build.0 = Debug|Any CPU
		{15D4ED0D-37A9-4338-A3A5-73204493FBDE}.Release|Any CPU.ActiveCfg = Release|Any CPU
		{15D4ED0D-37A9-4338-A3A5-73204493FBDE}.Release|Any CPU.Build.0 = Release|Any CPU
		{4CEDE705-B60C-4F0C-958A-BAEB64DC0F33}.Debug|Any CPU.ActiveCfg = Debug|Any CPU
		{4CEDE705-B60C-4F0C-958A-BAEB64DC0F33}.Debug|Any CPU.Build.0 = Debug|Any CPU
		{4CEDE705-B60C-4F0C-958A-BAEB64DC0F33}.Release|Any CPU.ActiveCfg = Release|Any CPU
		{4CEDE705-B60C-4F0C-958A-BAEB64DC0F33}.Release|Any CPU.Build.0 = Release|Any CPU
		{06E83EC1-9811-468C-ADB7-8B8914764F18}.Debug|Any CPU.ActiveCfg = Debug|Any CPU
		{06E83EC1-9811-468C-ADB7-8B8914764F18}.Debug|Any CPU.Build.0 = Debug|Any CPU
		{06E83EC1-9811-468C-ADB7-8B8914764F18}.Release|Any CPU.ActiveCfg = Release|Any CPU
		{06E83EC1-9811-468C-ADB7-8B8914764F18}.Release|Any CPU.Build.0 = Release|Any CPU
		{DA67F557-47A6-44CF-9A01-7045A42999F1}.Debug|Any CPU.ActiveCfg = Debug|Any CPU
		{DA67F557-47A6-44CF-9A01-7045A42999F1}.Debug|Any CPU.Build.0 = Debug|Any CPU
		{DA67F557-47A6-44CF-9A01-7045A42999F1}.Release|Any CPU.ActiveCfg = Release|Any CPU
		{DA67F557-47A6-44CF-9A01-7045A42999F1}.Release|Any CPU.Build.0 = Release|Any CPU
		{C716478F-3E0C-49D1-B34F-659297C36498}.Debug|Any CPU.ActiveCfg = Debug|Any CPU
		{C716478F-3E0C-49D1-B34F-659297C36498}.Debug|Any CPU.Build.0 = Debug|Any CPU
		{C716478F-3E0C-49D1-B34F-659297C36498}.Release|Any CPU.ActiveCfg = Release|Any CPU
		{C716478F-3E0C-49D1-B34F-659297C36498}.Release|Any CPU.Build.0 = Release|Any CPU
		{DD887B16-4410-41F6-913C-DD9B3F66170E}.Debug|Any CPU.ActiveCfg = Debug|Any CPU
		{DD887B16-4410-41F6-913C-DD9B3F66170E}.Debug|Any CPU.Build.0 = Debug|Any CPU
		{DD887B16-4410-41F6-913C-DD9B3F66170E}.Release|Any CPU.ActiveCfg = Release|Any CPU
		{DD887B16-4410-41F6-913C-DD9B3F66170E}.Release|Any CPU.Build.0 = Release|Any CPU
		{F5A2CFCF-8A72-4EA7-AF31-1DD2ED7D4599}.Debug|Any CPU.ActiveCfg = Debug|Any CPU
		{F5A2CFCF-8A72-4EA7-AF31-1DD2ED7D4599}.Debug|Any CPU.Build.0 = Debug|Any CPU
		{F5A2CFCF-8A72-4EA7-AF31-1DD2ED7D4599}.Release|Any CPU.ActiveCfg = Release|Any CPU
		{F5A2CFCF-8A72-4EA7-AF31-1DD2ED7D4599}.Release|Any CPU.Build.0 = Release|Any CPU
		{66E248C0-1867-4709-AB67-7E19E343DCFB}.Debug|Any CPU.ActiveCfg = Debug|Any CPU
		{66E248C0-1867-4709-AB67-7E19E343DCFB}.Debug|Any CPU.Build.0 = Debug|Any CPU
		{66E248C0-1867-4709-AB67-7E19E343DCFB}.Release|Any CPU.ActiveCfg = Release|Any CPU
		{66E248C0-1867-4709-AB67-7E19E343DCFB}.Release|Any CPU.Build.0 = Release|Any CPU
	EndGlobalSection
	GlobalSection(SolutionProperties) = preSolution
		HideSolutionNode = FALSE
	EndGlobalSection
	GlobalSection(NestedProjects) = preSolution
		{90764690-19E4-4197-8FC7-EF7CF0E4735E} = {004F69FD-423B-4824-9AC6-4E48DB84B73D}
		{4140B0CD-EBA4-4428-8B14-6E9239E1AE5E} = {004F69FD-423B-4824-9AC6-4E48DB84B73D}
		{1A081810-1795-4CB8-90CA-427CBDE2FBA4} = {004F69FD-423B-4824-9AC6-4E48DB84B73D}
		{15D4ED0D-37A9-4338-A3A5-73204493FBDE} = {004F69FD-423B-4824-9AC6-4E48DB84B73D}
		{4CEDE705-B60C-4F0C-958A-BAEB64DC0F33} = {004F69FD-423B-4824-9AC6-4E48DB84B73D}
		{06E83EC1-9811-468C-ADB7-8B8914764F18} = {004F69FD-423B-4824-9AC6-4E48DB84B73D}
		{DA67F557-47A6-44CF-9A01-7045A42999F1} = {004F69FD-423B-4824-9AC6-4E48DB84B73D}
		{C716478F-3E0C-49D1-B34F-659297C36498} = {004F69FD-423B-4824-9AC6-4E48DB84B73D}
		{DD887B16-4410-41F6-913C-DD9B3F66170E} = {B7E671F2-5189-4FB0-9722-580A1FB6AFBE}
		{F5A2CFCF-8A72-4EA7-AF31-1DD2ED7D4599} = {0C77A4CA-FDC5-4B31-99F2-265B528D2AB3}
		{66E248C0-1867-4709-AB67-7E19E343DCFB} = {0C77A4CA-FDC5-4B31-99F2-265B528D2AB3}
	EndGlobalSection
	GlobalSection(ExtensibilityGlobals) = postSolution
		SolutionGuid = {70E23999-5F73-4073-AD66-F7FA94E8A6B1}
	EndGlobalSection
EndGlobal
